// !$*UTF8*$!
{
	archiveVersion = 1;
	classes = {
	};
	objectVersion = 56;
	objects = {

/* Begin PBXBuildFile section */
		A8CF8C9F2F62817B0064176F /* mywisperApp.swift in Sources */ = {isa = PBXBuildFile; fileRef = A8CF8C9E2F62817B0064176F /* mywisperApp.swift */; };
		A8CF8CA12F62817B0064176F /* ContentView.swift in Sources */ = {isa = PBXBuildFile; fileRef = A8CF8CA02F62817B0064176F /* ContentView.swift */; };
		A8CF8CA32F62817D0064176F /* Assets.xcassets in Resources */ = {isa = PBXBuildFile; fileRef = A8CF8CA22F62817D0064176F /* Assets.xcassets */; };
		A8CF8CA62F62817D0064176F /* Preview Assets.xcassets in Resources */ = {isa = PBXBuildFile; fileRef = A8CF8CA52F62817D0064176F /* Preview Assets.xcassets */; };
		A8CF8CA82F62817D0064176F /* Persistence.swift in Sources */ = {isa = PBXBuildFile; fileRef = A8CF8CA72F62817D0064176F /* Persistence.swift */; };
		A8CF8CAB2F62817D0064176F /* mywisper.xcdatamodeld in Sources */ = {isa = PBXBuildFile; fileRef = A8CF8CA92F62817D0064176F /* mywisper.xcdatamodeld */; };
		A8CF8CB62F62817E0064176F /* mywisperTests.swift in Sources */ = {isa = PBXBuildFile; fileRef = A8CF8CB52F62817E0064176F /* mywisperTests.swift */; };
		A8CF8CC02F62817E0064176F /* mywisperUITests.swift in Sources */ = {isa = PBXBuildFile; fileRef = A8CF8CBF2F62817E0064176F /* mywisperUITests.swift */; };
		A8CF8CC22F62817E0064176F /* mywisperUITestsLaunchTests.swift in Sources */ = {isa = PBXBuildFile; fileRef = A8CF8CC12F62817E0064176F /* mywisperUITestsLaunchTests.swift */; };
/* End PBXBuildFile section */

/* Begin PBXContainerItemProxy section */
		A8CF8CB22F62817E0064176F /* PBXContainerItemProxy */ = {
			isa = PBXContainerItemProxy;
			containerPortal = A8CF8C932F62817A0064176F /* Project object */;
			proxyType = 1;
			remoteGlobalIDString = A8CF8C9A2F62817B0064176F;
			remoteInfo = mywisper;
		};
		A8CF8CBC2F62817E0064176F /* PBXContainerItemProxy */ = {
			isa = PBXContainerItemProxy;
			containerPortal = A8CF8C932F62817A0064176F /* Project object */;
			proxyType = 1;
			remoteGlobalIDString = A8CF8C9A2F62817B0064176F;
			remoteInfo = mywisper;
		};
/* End PBXContainerItemProxy section */

/* Begin PBXFileReference section */
		A8CF8C9B2F62817B0064176F /* mywisper.app */ = {isa = PBXFileReference; explicitFileType = wrapper.application; includeInIndex = 0; path = mywisper.app; sourceTree = BUILT_PRODUCTS_DIR; };
		A8CF8C9E2F62817B0064176F /* mywisperApp.swift */ = {isa = PBXFileReference; lastKnownFileType = sourcecode.swift; path = mywisperApp.swift; sourceTree = "<group>"; };
		A8CF8CA02F62817B0064176F /* ContentView.swift */ = {isa = PBXFileReference; lastKnownFileType = sourcecode.swift; path = ContentView.swift; sourceTree = "<group>"; };
		A8CF8CA22F62817D0064176F /* Assets.xcassets */ = {isa = PBXFileReference; lastKnownFileType = folder.assetcatalog; path = Assets.xcassets; sourceTree = "<group>"; };
		A8CF8CA52F62817D0064176F /* Preview Assets.xcassets */ = {isa = PBXFileReference; lastKnownFileType = folder.assetcatalog; path = "Preview Assets.xcassets"; sourceTree = "<group>"; };
		A8CF8CA72F62817D0064176F /* Persistence.swift */ = {isa = PBXFileReference; lastKnownFileType = sourcecode.swift; path = Persistence.swift; sourceTree = "<group>"; };
		A8CF8CAA2F62817D0064176F /* mywisper.xcdatamodel */ = {isa = PBXFileReference; lastKnownFileType = wrapper.xcdatamodel; path = mywisper.xcdatamodel; sourceTree = "<group>"; };
		A8CF8CAC2F62817D0064176F /* mywisper.entitlements */ = {isa = PBXFileReference; lastKnownFileType = text.plist.entitlements; path = mywisper.entitlements; sourceTree = "<group>"; };
		A8CF8CB12F62817E0064176F /* mywisperTests.xctest */ = {isa = PBXFileReference; explicitFileType = wrapper.cfbundle; includeInIndex = 0; path = mywisperTests.xctest; sourceTree = BUILT_PRODUCTS_DIR; };
		A8CF8CB52F62817E0064176F /* mywisperTests.swift */ = {isa = PBXFileReference; lastKnownFileType = sourcecode.swift; path = mywisperTests.swift; sourceTree = "<group>"; };
		A8CF8CBB2F62817E0064176F /* mywisperUITests.xctest */ = {isa = PBXFileReference; explicitFileType = wrapper.cfbundle; includeInIndex = 0; path = mywisperUITests.xctest; sourceTree = BUILT_PRODUCTS_DIR; };
		A8CF8CBF2F62817E0064176F /* mywisperUITests.swift */ = {isa = PBXFileReference; lastKnownFileType = sourcecode.swift; path = mywisperUITests.swift; sourceTree = "<group>"; };
		A8CF8CC12F62817E0064176F /* mywisperUITestsLaunchTests.swift */ = {isa = PBXFileReference; lastKnownFileType = sourcecode.swift; path = mywisperUITestsLaunchTests.swift; sourceTree = "<group>"; };
/* End PBXFileReference section */

/* Begin PBXFrameworksBuildPhase section */
		A8CF8C982F62817B0064176F /* Frameworks */ = {
			isa = PBXFrameworksBuildPhase;
			buildActionMask = 2147483647;
			files = (
			);
			runOnlyForDeploymentPostprocessing = 0;
		};
		A8CF8CAE2F62817E0064176F /* Frameworks */ = {
			isa = PBXFrameworksBuildPhase;
			buildActionMask = 2147483647;
			files = (
			);
			runOnlyForDeploymentPostprocessing = 0;
		};
		A8CF8CB82F62817E0064176F /* Frameworks */ = {
			isa = PBXFrameworksBuildPhase;
			buildActionMask = 2147483647;
			files = (
			);
			runOnlyForDeploymentPostprocessing = 0;
		};
/* End PBXFrameworksBuildPhase section */

/* Begin PBXGroup section */
		A8CF8C922F62817A0064176F = {
			isa = PBXGroup;
			children = (
				A8CF8C9D2F62817B0064176F /* mywisper */,
				A8CF8CB42F62817E0064176F /* mywisperTests */,
				A8CF8CBE2F62817E0064176F /* mywisperUITests */,
				A8CF8C9C2F62817B0064176F /* Products */,
			);
			sourceTree = "<group>";
		};
		A8CF8C9C2F62817B0064176F /* Products */ = {
			isa = PBXGroup;
			children = (
				A8CF8C9B2F62817B0064176F /* mywisper.app */,
				A8CF8CB12F62817E0064176F /* mywisperTests.xctest */,
				A8CF8CBB2F62817E0064176F /* mywisperUITests.xctest */,
			);
			name = Products;
			sourceTree = "<group>";
		};
		A8CF8C9D2F62817B0064176F /* mywisper */ = {
			isa = PBXGroup;
			children = (
				A8CF8C9E2F62817B0064176F /* mywisperApp.swift */,
				A8CF8CA02F62817B0064176F /* ContentView.swift */,
				A8CF8CA22F62817D0064176F /* Assets.xcassets */,
				A8CF8CA72F62817D0064176F /* Persistence.swift */,
				A8CF8CAC2F62817D0064176F /* mywisper.entitlements */,
				A8CF8CA92F62817D0064176F /* mywisper.xcdatamodeld */,
				A8CF8CA42F62817D0064176F /* Preview Content */,
			);
			path = mywisper;
			sourceTree = "<group>";
		};
		A8CF8CA42F62817D0064176F /* Preview Content */ = {
			isa = PBXGroup;
			children = (
				A8CF8CA52F62817D0064176F /* Preview Assets.xcassets */,
			);
			path = "Preview Content";
			sourceTree = "<group>";
		};
		A8CF8CB42F62817E0064176F /* mywisperTests */ = {
			isa = PBXGroup;
			children = (
				A8CF8CB52F62817E0064176F /* mywisperTests.swift */,
			);
			path = mywisperTests;
			sourceTree = "<group>";
		};
		A8CF8CBE2F62817E0064176F /* mywisperUITests */ = {
			isa = PBXGroup;
			children = (
				A8CF8CBF2F62817E0064176F /* mywisperUITests.swift */,
				A8CF8CC12F62817E0064176F /* mywisperUITestsLaunchTests.swift */,
			);
			path = mywisperUITests;
			sourceTree = "<group>";
		};
/* End PBXGroup section */

/* Begin PBXNativeTarget section */
		A8CF8C9A2F62817B0064176F /* mywisper */ = {
			isa = PBXNativeTarget;
			buildConfigurationList = A8CF8CC52F62817E0064176F /* Build configuration list for PBXNativeTarget "mywisper" */;
			buildPhases = (
				A8CF8C972F62817B0064176F /* Sources */,
				A8CF8C982F62817B0064176F /* Frameworks */,
				A8CF8C992F62817B0064176F /* Resources */,
			);
			buildRules = (
			);
			dependencies = (
			);
			name = mywisper;
			productName = mywisper;
			productReference = A8CF8C9B2F62817B0064176F /* mywisper.app */;
			productType = "com.apple.product-type.application";
		};
		A8CF8CB02F62817E0064176F /* mywisperTests */ = {
			isa = PBXNativeTarget;
			buildConfigurationList = A8CF8CC82F62817E0064176F /* Build configuration list for PBXNativeTarget "mywisperTests" */;
			buildPhases = (
				A8CF8CAD2F62817E0064176F /* Sources */,
				A8CF8CAE2F62817E0064176F /* Frameworks */,
				A8CF8CAF2F62817E0064176F /* Resources */,
			);
			buildRules = (
			);
			dependencies = (
				A8CF8CB32F62817E0064176F /* PBXTargetDependency */,
			);
			name = mywisperTests;
			productName = mywisperTests;
			productReference = A8CF8CB12F62817E0064176F /* mywisperTests.xctest */;
			productType = "com.apple.product-type.bundle.unit-test";
		};
		A8CF8CBA2F62817E0064176F /* mywisperUITests */ = {
			isa = PBXNativeTarget;
			buildConfigurationList = A8CF8CCB2F62817E0064176F /* Build configuration list for PBXNativeTarget "mywisperUITests" */;
			buildPhases = (
				A8CF8CB72F62817E0064176F /* Sources */,
				A8CF8CB82F62817E0064176F /* Frameworks */,
				A8CF8CB92F62817E0064176F /* Resources */,
			);
			buildRules = (
			);
			dependencies = (
				A8CF8CBD2F62817E0064176F /* PBXTargetDependency */,
			);
			name = mywisperUITests;
			productName = mywisperUITests;
			productReference = A8CF8CBB2F62817E0064176F /* mywisperUITests.xctest */;
			productType = "com.apple.product-type.bundle.ui-testing";
		};
/* End PBXNativeTarget section */

/* Begin PBXProject section */
		A8CF8C932F62817A0064176F /* Project object */ = {
			isa = PBXProject;
			attributes = {
				BuildIndependentTargetsInParallel = 1;
				LastSwiftUpdateCheck = 1430;
				LastUpgradeCheck = 1430;
				TargetAttributes = {
					A8CF8C9A2F62817B0064176F = {
						CreatedOnToolsVersion = 14.3.1;
					};
					A8CF8CB02F62817E0064176F = {
						CreatedOnToolsVersion = 14.3.1;
						TestTargetID = A8CF8C9A2F62817B0064176F;
					};
					A8CF8CBA2F62817E0064176F = {
						CreatedOnToolsVersion = 14.3.1;
						TestTargetID = A8CF8C9A2F62817B0064176F;
					};
				};
			};
			buildConfigurationList = A8CF8C962F62817A0064176F /* Build configuration list for PBXProject "mywisper" */;
			compatibilityVersion = "Xcode 14.0";
			developmentRegion = en;
			hasScannedForEncodings = 0;
			knownRegions = (
				en,
				Base,
			);
			mainGroup = A8CF8C922F62817A0064176F;
			productRefGroup = A8CF8C9C2F62817B0064176F /* Products */;
			projectDirPath = "";
			projectRoot = "";
			targets = (
				A8CF8C9A2F62817B0064176F /* mywisper */,
				A8CF8CB02F62817E0064176F /* mywisperTests */,
				A8CF8CBA2F62817E0064176F /* mywisperUITests */,
			);
		};
/* End PBXProject section */

/* Begin PBXResourcesBuildPhase section */
		A8CF8C992F62817B0064176F /* Resources */ = {
			isa = PBXResourcesBuildPhase;
			buildActionMask = 2147483647;
			files = (
				A8CF8CA62F62817D0064176F /* Preview Assets.xcassets in Resources */,
				A8CF8CA32F62817D0064176F /* Assets.xcassets in Resources */,
			);
			runOnlyForDeploymentPostprocessing = 0;
		};
		A8CF8CAF2F62817E0064176F /* Resources */ = {
			isa = PBXResourcesBuildPhase;
			buildActionMask = 2147483647;
			files = (
			);
			runOnlyForDeploymentPostprocessing = 0;
		};
		A8CF8CB92F62817E0064176F /* Resources */ = {
			isa = PBXResourcesBuildPhase;
			buildActionMask = 2147483647;
			files = (
			);
			runOnlyForDeploymentPostprocessing = 0;
		};
/* End PBXResourcesBuildPhase section */

/* Begin PBXSourcesBuildPhase section */
		A8CF8C972F62817B0064176F /* Sources */ = {
			isa = PBXSourcesBuildPhase;
			buildActionMask = 2147483647;
			files = (
				A8CF8CA82F62817D0064176F /* Persistence.swift in Sources */,
				A8CF8CAB2F62817D0064176F /* mywisper.xcdatamodeld in Sources */,
				A8CF8CA12F62817B0064176F /* ContentView.swift in Sources */,
				A8CF8C9F2F62817B0064176F /* mywisperApp.swift in Sources */,
			);
			runOnlyForDeploymentPostprocessing = 0;
		};
		A8CF8CAD2F62817E0064176F /* Sources */ = {
			isa = PBXSourcesBuildPhase;
			buildActionMask = 2147483647;
			files = (
				A8CF8CB62F62817E0064176F /* mywisperTests.swift in Sources */,
			);
			runOnlyForDeploymentPostprocessing = 0;
		};
		A8CF8CB72F62817E0064176F /* Sources */ = {
			isa = PBXSourcesBuildPhase;
			buildActionMask = 2147483647;
			files = (
				A8CF8CC22F62817E0064176F /* mywisperUITestsLaunchTests.swift in Sources */,
				A8CF8CC02F62817E0064176F /* mywisperUITests.swift in Sources */,
			);
			runOnlyForDeploymentPostprocessing = 0;
		};
/* End PBXSourcesBuildPhase section */

/* Begin PBXTargetDependency section */
		A8CF8CB32F62817E0064176F /* PBXTargetDependency */ = {
			isa = PBXTargetDependency;
			target = A8CF8C9A2F62817B0064176F /* mywisper */;
			targetProxy = A8CF8CB22F62817E0064176F /* PBXContainerItemProxy */;
		};
		A8CF8CBD2F62817E0064176F /* PBXTargetDependency */ = {
			isa = PBXTargetDependency;
			target = A8CF8C9A2F62817B0064176F /* mywisper */;
			targetProxy = A8CF8CBC2F62817E0064176F /* PBXContainerItemProxy */;
		};
/* End PBXTargetDependency section */

/* Begin XCBuildConfiguration section */
		A8CF8CC32F62817E0064176F /* Debug */ = {
			isa = XCBuildConfiguration;
			buildSettings = {
				ALWAYS_SEARCH_USER_PATHS = NO;
				CLANG_ANALYZER_NONNULL = YES;
				CLANG_ANALYZER_NUMBER_OBJECT_CONVERSION = YES_AGGRESSIVE;
				CLANG_CXX_LANGUAGE_STANDARD = "gnu++20";
				CLANG_ENABLE_MODULES = YES;
				CLANG_ENABLE_OBJC_ARC = YES;
				CLANG_ENABLE_OBJC_WEAK = YES;
				CLANG_WARN_BLOCK_CAPTURE_AUTORELEASING = YES;
				CLANG_WARN_BOOL_CONVERSION = YES;
				CLANG_WARN_COMMA = YES;
				CLANG_WARN_CONSTANT_CONVERSION = YES;
				CLANG_WARN_DEPRECATED_OBJC_IMPLEMENTATIONS = YES;
				CLANG_WARN_DIRECT_OBJC_ISA_USAGE = YES_ERROR;
				CLANG_WARN_DOCUMENTATION_COMMENTS = YES;
				CLANG_WARN_EMPTY_BODY = YES;
				CLANG_WARN_ENUM_CONVERSION = YES;
				CLANG_WARN_INFINITE_RECURSION = YES;
				CLANG_WARN_INT_CONVERSION = YES;
				CLANG_WARN_NON_LITERAL_NULL_CONVERSION = YES;
				CLANG_WARN_OBJC_IMPLICIT_RETAIN_SELF = YES;
				CLANG_WARN_OBJC_LITERAL_CONVERSION = YES;
				CLANG_WARN_OBJC_ROOT_CLASS = YES_ERROR;
				CLANG_WARN_QUOTED_INCLUDE_IN_FRAMEWORK_HEADER = YES;
				CLANG_WARN_RANGE_LOOP_ANALYSIS = YES;
				CLANG_WARN_STRICT_PROTOTYPES = YES;
				CLANG_WARN_SUSPICIOUS_MOVE = YES;
				CLANG_WARN_UNGUARDED_AVAILABILITY = YES_AGGRESSIVE;
				CLANG_WARN_UNREACHABLE_CODE = YES;
				CLANG_WARN__DUPLICATE_METHOD_MATCH = YES;
				COPY_PHASE_STRIP = NO;
				DEBUG_INFORMATION_FORMAT = dwarf;
				ENABLE_STRICT_OBJC_MSGSEND = YES;
				ENABLE_TESTABILITY = YES;
				GCC_C_LANGUAGE_STANDARD = gnu11;
				GCC_DYNAMIC_NO_PIC = NO;
				GCC_NO_COMMON_BLOCKS = YES;
				GCC_OPTIMIZATION_LEVEL = 0;
				GCC_PREPROCESSOR_DEFINITIONS = (
					"DEBUG=1",
					"$(inherited)",
				);
				GCC_WARN_64_TO_32_BIT_CONVERSION = YES;
				GCC_WARN_ABOUT_RETURN_TYPE = YES_ERROR;
				GCC_WARN_UNDECLARED_SELECTOR = YES;
				GCC_WARN_UNINITIALIZED_AUTOS = YES_AGGRESSIVE;
				GCC_WARN_UNUSED_FUNCTION = YES;
				GCC_WARN_UNUSED_VARIABLE = YES;
				MACOSX_DEPLOYMENT_TARGET = 13.3;
				MTL_ENABLE_DEBUG_INFO = INCLUDE_SOURCE;
				MTL_FAST_MATH = YES;
				ONLY_ACTIVE_ARCH = YES;
				SDKROOT = macosx;
				SWIFT_ACTIVE_COMPILATION_CONDITIONS = DEBUG;
				SWIFT_OPTIMIZATION_LEVEL = "-Onone";
			};
			name = Debug;
		};
		A8CF8CC42F62817E0064176F /* Release */ = {
			isa = XCBuildConfiguration;
			buildSettings = {
				ALWAYS_SEARCH_USER_PATHS = NO;
				CLANG_ANALYZER_NONNULL = YES;
				CLANG_ANALYZER_NUMBER_OBJECT_CONVERSION = YES_AGGRESSIVE;
				CLANG_CXX_LANGUAGE_STANDARD = "gnu++20";
				CLANG_ENABLE_MODULES = YES;
				CLANG_ENABLE_OBJC_ARC = YES;
				CLANG_ENABLE_OBJC_WEAK = YES;
				CLANG_WARN_BLOCK_CAPTURE_AUTORELEASING = YES;
				CLANG_WARN_BOOL_CONVERSION = YES;
				CLANG_WARN_COMMA = YES;
				CLANG_WARN_CONSTANT_CONVERSION = YES;
				CLANG_WARN_DEPRECATED_OBJC_IMPLEMENTATIONS = YES;
				CLANG_WARN_DIRECT_OBJC_ISA_USAGE = YES_ERROR;
				CLANG_WARN_DOCUMENTATION_COMMENTS = YES;
				CLANG_WARN_EMPTY_BODY = YES;
				CLANG_WARN_ENUM_CONVERSION = YES;
				CLANG_WARN_INFINITE_RECURSION = YES;
				CLANG_WARN_INT_CONVERSION = YES;
				CLANG_WARN_NON_LITERAL_NULL_CONVERSION = YES;
				CLANG_WARN_OBJC_IMPLICIT_RETAIN_SELF = YES;
				CLANG_WARN_OBJC_LITERAL_CONVERSION = YES;
				CLANG_WARN_OBJC_ROOT_CLASS = YES_ERROR;
				CLANG_WARN_QUOTED_INCLUDE_IN_FRAMEWORK_HEADER = YES;
				CLANG_WARN_RANGE_LOOP_ANALYSIS = YES;
				CLANG_WARN_STRICT_PROTOTYPES = YES;
				CLANG_WARN_SUSPICIOUS_MOVE = YES;
				CLANG_WARN_UNGUARDED_AVAILABILITY = YES_AGGRESSIVE;
				CLANG_WARN_UNREACHABLE_CODE = YES;
				CLANG_WARN__DUPLICATE_METHOD_MATCH = YES;
				COPY_PHASE_STRIP = NO;
				DEBUG_INFORMATION_FORMAT = "dwarf-with-dsym";
				ENABLE_NS_ASSERTIONS = NO;
				ENABLE_STRICT_OBJC_MSGSEND = YES;
				GCC_C_LANGUAGE_STANDARD = gnu11;
				GCC_NO_COMMON_BLOCKS = YES;
				GCC_WARN_64_TO_32_BIT_CONVERSION = YES;
				GCC_WARN_ABOUT_RETURN_TYPE = YES_ERROR;
				GCC_WARN_UNDECLARED_SELECTOR = YES;
				GCC_WARN_UNINITIALIZED_AUTOS = YES_AGGRESSIVE;
				GCC_WARN_UNUSED_FUNCTION = YES;
				GCC_WARN_UNUSED_VARIABLE = YES;
				MACOSX_DEPLOYMENT_TARGET = 13.3;
				MTL_ENABLE_DEBUG_INFO = NO;
				MTL_FAST_MATH = YES;
				SDKROOT = macosx;
				SWIFT_COMPILATION_MODE = wholemodule;
				SWIFT_OPTIMIZATION_LEVEL = "-O";
			};
			name = Release;
		};
		A8CF8CC62F62817E0064176F /* Debug */ = {
			isa = XCBuildConfiguration;
			buildSettings = {
				ASSETCATALOG_COMPILER_APPICON_NAME = AppIcon;
				ASSETCATALOG_COMPILER_GLOBAL_ACCENT_COLOR_NAME = AccentColor;
				CODE_SIGN_ENTITLEMENTS = mywisper/mywisper.entitlements;
				CODE_SIGN_STYLE = Automatic;
				COMBINE_HIDPI_IMAGES = YES;
				CURRENT_PROJECT_VERSION = 1;
				DEVELOPMENT_ASSET_PATHS = "\"mywisper/Preview Content\"";
				DEVELOPMENT_TEAM = 7KH9QVNN54;
				ENABLE_HARDENED_RUNTIME = YES;
				ENABLE_PREVIEWS = YES;
				GENERATE_INFOPLIST_FILE = YES;
				INFOPLIST_KEY_NSHumanReadableCopyright = "";
				LD_RUNPATH_SEARCH_PATHS = (
					"$(inherited)",
					"@executable_path/../Frameworks",
				);
				MARKETING_VERSION = 1.0;
				PRODUCT_BUNDLE_IDENTIFIER = com.barssoft.mywisper;
				PRODUCT_NAME = "$(TARGET_NAME)";
				SWIFT_EMIT_LOC_STRINGS = YES;
				SWIFT_VERSION = 5.0;
			};
			name = Debug;
		};
		A8CF8CC72F62817E0064176F /* Release */ = {
			isa = XCBuildConfiguration;
			buildSettings = {
				ASSETCATALOG_COMPILER_APPICON_NAME = AppIcon;
				ASSETCATALOG_COMPILER_GLOBAL_ACCENT_COLOR_NAME = AccentColor;
				CODE_SIGN_ENTITLEMENTS = mywisper/mywisper.entitlements;
				CODE_SIGN_STYLE = Automatic;
				COMBINE_HIDPI_IMAGES = YES;
				CURRENT_PROJECT_VERSION = 1;
				DEVELOPMENT_ASSET_PATHS = "\"mywisper/Preview Content\"";
				DEVELOPMENT_TEAM = 7KH9QVNN54;
				ENABLE_HARDENED_RUNTIME = YES;
				ENABLE_PREVIEWS = YES;
				GENERATE_INFOPLIST_FILE = YES;
				INFOPLIST_KEY_NSHumanReadableCopyright = "";
				LD_RUNPATH_SEARCH_PATHS = (
					"$(inherited)",
					"@executable_path/../Frameworks",
				);
				MARKETING_VERSION = 1.0;
				PRODUCT_BUNDLE_IDENTIFIER = com.barssoft.mywisper;
				PRODUCT_NAME = "$(TARGET_NAME)";
				SWIFT_EMIT_LOC_STRINGS = YES;
				SWIFT_VERSION = 5.0;
			};
			name = Release;
		};
		A8CF8CC92F62817E0064176F /* Debug */ = {
			isa = XCBuildConfiguration;
			buildSettings = {
				ALWAYS_EMBED_SWIFT_STANDARD_LIBRARIES = YES;
				BUNDLE_LOADER = "$(TEST_HOST)";
				CODE_SIGN_STYLE = Automatic;
				CURRENT_PROJECT_VERSION = 1;
				DEVELOPMENT_TEAM = 7KH9QVNN54;
				GENERATE_INFOPLIST_FILE = YES;
				MACOSX_DEPLOYMENT_TARGET = 13.3;
				MARKETING_VERSION = 1.0;
				PRODUCT_BUNDLE_IDENTIFIER = com.barssoft.mywisperTests;
				PRODUCT_NAME = "$(TARGET_NAME)";
				SWIFT_EMIT_LOC_STRINGS = NO;
				SWIFT_VERSION = 5.0;
				TEST_HOST = "$(BUILT_PRODUCTS_DIR)/mywisper.app/$(BUNDLE_EXECUTABLE_FOLDER_PATH)/mywisper";
			};
			name = Debug;
		};
		A8CF8CCA2F62817E0064176F /* Release */ = {
			isa = XCBuildConfiguration;
			buildSettings = {
				ALWAYS_EMBED_SWIFT_STANDARD_LIBRARIES = YES;
				BUNDLE_LOADER = "$(TEST_HOST)";
				CODE_SIGN_STYLE = Automatic;
				CURRENT_PROJECT_VERSION = 1;
				DEVELOPMENT_TEAM = 7KH9QVNN54;
				GENERATE_INFOPLIST_FILE = YES;
				MACOSX_DEPLOYMENT_TARGET = 13.3;
				MARKETING_VERSION = 1.0;
				PRODUCT_BUNDLE_IDENTIFIER = com.barssoft.mywisperTests;
				PRODUCT_NAME = "$(TARGET_NAME)";
				SWIFT_EMIT_LOC_STRINGS = NO;
				SWIFT_VERSION = 5.0;
				TEST_HOST = "$(BUILT_PRODUCTS_DIR)/mywisper.app/$(BUNDLE_EXECUTABLE_FOLDER_PATH)/mywisper";
			};
			name = Release;
		};
		A8CF8CCC2F62817E0064176F /* Debug */ = {
			isa = XCBuildConfiguration;
			buildSettings = {
				ALWAYS_EMBED_SWIFT_STANDARD_LIBRARIES = YES;
				CODE_SIGN_STYLE = Automatic;
				CURRENT_PROJECT_VERSION = 1;
				DEVELOPMENT_TEAM = 7KH9QVNN54;
				GENERATE_INFOPLIST_FILE = YES;
				MARKETING_VERSION = 1.0;
				PRODUCT_BUNDLE_IDENTIFIER = com.barssoft.mywisperUITests;
				PRODUCT_NAME = "$(TARGET_NAME)";
				SWIFT_EMIT_LOC_STRINGS = NO;
				SWIFT_VERSION = 5.0;
				TEST_TARGET_NAME = mywisper;
			};
			name = Debug;
		};
		A8CF8CCD2F62817E0064176F /* Release */ = {
			isa = XCBuildConfiguration;
			buildSettings = {
				ALWAYS_EMBED_SWIFT_STANDARD_LIBRARIES = YES;
				CODE_SIGN_STYLE = Automatic;
				CURRENT_PROJECT_VERSION = 1;
				DEVELOPMENT_TEAM = 7KH9QVNN54;
				GENERATE_INFOPLIST_FILE = YES;
				MARKETING_VERSION = 1.0;
				PRODUCT_BUNDLE_IDENTIFIER = com.barssoft.mywisperUITests;
				PRODUCT_NAME = "$(TARGET_NAME)";
				SWIFT_EMIT_LOC_STRINGS = NO;
				SWIFT_VERSION = 5.0;
				TEST_TARGET_NAME = mywisper;
			};
			name = Release;
		};
/* End XCBuildConfiguration section */

/* Begin XCConfigurationList section */
		A8CF8C962F62817A0064176F /* Build configuration list for PBXProject "mywisper" */ = {
			isa = XCConfigurationList;
			buildConfigurations = (
				A8CF8CC32F62817E0064176F /* Debug */,
				A8CF8CC42F62817E0064176F /* Release */,
			);
			defaultConfigurationIsVisible = 0;
			defaultConfigurationName = Release;
		};
		A8CF8CC52F62817E0064176F /* Build configuration list for PBXNativeTarget "mywisper" */ = {
			isa = XCConfigurationList;
			buildConfigurations = (
				A8CF8CC62F62817E0064176F /* Debug */,
				A8CF8CC72F62817E0064176F /* Release */,
			);
			defaultConfigurationIsVisible = 0;
			defaultConfigurationName = Release;
		};
		A8CF8CC82F62817E0064176F /* Build configuration list for PBXNativeTarget "mywisperTests" */ = {
			isa = XCConfigurationList;
			buildConfigurations = (
				A8CF8CC92F62817E0064176F /* Debug */,
				A8CF8CCA2F62817E0064176F /* Release */,
			);
			defaultConfigurationIsVisible = 0;
			defaultConfigurationName = Release;
		};
		A8CF8CCB2F62817E0064176F /* Build configuration list for PBXNativeTarget "mywisperUITests" */ = {
			isa = XCConfigurationList;
			buildConfigurations = (
				A8CF8CCC2F62817E0064176F /* Debug */,
				A8CF8CCD2F62817E0064176F /* Release */,
			);
			defaultConfigurationIsVisible = 0;
			defaultConfigurationName = Release;
		};
/* End XCConfigurationList section */

/* Begin XCVersionGroup section */
		A8CF8CA92F62817D0064176F /* mywisper.xcdatamodeld */ = {
			isa = XCVersionGroup;
			children = (
				A8CF8CAA2F62817D0064176F /* mywisper.xcdatamodel */,
			);
			currentVersion = A8CF8CAA2F62817D0064176F /* mywisper.xcdatamodel */;
			path = mywisper.xcdatamodeld;
			sourceTree = "<group>";
			versionGroupType = wrapper.xcdatamodel;
		};
/* End XCVersionGroup section */
	};
	rootObject = A8CF8C932F62817A0064176F /* Project object */;
}
